Microsoft Visual Studio Solution File, Format Version 12.00
# Visual Studio 2012
Project("{FAE04EC0-301F-11D3-BF4B-00C04F79EFBC}") = "Metapathic", "Metapathic.csproj", "{921AE088-5936-4179-A129-5C1274786EDC}"
EndProject
Global
	GlobalSection(SolutionConfigurationPlatforms) = preSolution
	Debug|Any CPU = Debug|Any CPU
	ExportDebug|Any CPU = ExportDebug|Any CPU
	ExportRelease|Any CPU = ExportRelease|Any CPU
	EndGlobalSection
	GlobalSection(ProjectConfigurationPlatforms) = postSolution
		{921AE088-5936-4179-A129-5C1274786EDC}.Debug|Any CPU.ActiveCfg = Debug|Any CPU
		{921AE088-5936-4179-A129-5C1274786EDC}.Debug|Any CPU.Build.0 = Debug|Any CPU
		{921AE088-5936-4179-A129-5C1274786EDC}.ExportDebug|Any CPU.ActiveCfg = ExportDebug|Any CPU
		{921AE088-5936-4179-A129-5C1274786EDC}.ExportDebug|Any CPU.Build.0 = ExportDebug|Any CPU
		{921AE088-5936-4179-A129-5C1274786EDC}.ExportRelease|Any CPU.ActiveCfg = ExportRelease|Any CPU
		{921AE088-5936-4179-A129-5C1274786EDC}.ExportRelease|Any CPU.Build.0 = ExportRelease|Any CPU
	EndGlobalSection
EndGlobal
